
Microsoft Visual Studio Solution File, Format Version 12.00
# Visual Studio 15
VisualStudioVersion = 15.0.27428.1
MinimumVisualStudioVersion = 10.0.40219.1
Project("{FAE04EC0-301F-11D3-BF4B-00C04F79EFBC}") = "MaTran-Client", "MaTran-Client\MaTran-Client.csproj", "{24329C5E-C088-4877-ABAC-7AFCC0C505CD}"
EndProject
Project("{FAE04EC0-301F-11D3-BF4B-00C04F79EFBC}") = "MaTran-Server", "MaTran-Server\MaTran-Server.csproj", "{F4C856C7-70F6-4AD2-A40E-FE04C2997BB5}"
EndProject
Global
	GlobalSection(SolutionConfigurationPlatforms) = preSolution
		Debug|Any CPU = Debug|Any CPU
		Debug|x86 = Debug|x86
		Release|Any CPU = Release|Any CPU
		Release|x86 = Release|x86
	EndGlobalSection
	GlobalSection(ProjectConfigurationPlatforms) = postSolution
		{24329C5E-C088-4877-ABAC-7AFCC0C505CD}.Debug|Any CPU.ActiveCfg = Debug|x86
		{24329C5E-C088-4877-ABAC-7AFCC0C505CD}.Debug|x86.ActiveCfg = Debug|x86
		{24329C5E-C088-4877-ABAC-7AFCC0C505CD}.Debug|x86.Build.0 = Debug|x86
		{24329C5E-C088-4877-ABAC-7AFCC0C505CD}.Release|Any CPU.ActiveCfg = Release|x86
		{24329C5E-C088-4877-ABAC-7AFCC0C505CD}.Release|x86.ActiveCfg = Release|x86
		{24329C5E-C088-4877-ABAC-7AFCC0C505CD}.Release|x86.Build.0 = Release|x86
		{F4C856C7-70F6-4AD2-A40E-FE04C2997BB5}.Debug|Any CPU.ActiveCfg = Debug|Any CPU
		{F4C856C7-70F6-4AD2-A40E-FE04C2997BB5}.Debug|Any CPU.Build.0 = Debug|Any CPU
		{F4C856C7-70F6-4AD2-A40E-FE04C2997BB5}.Debug|x86.ActiveCfg = Debug|Any CPU
		{F4C856C7-70F6-4AD2-A40E-FE04C2997BB5}.Debug|x86.Build.0 = Debug|Any CPU
		{F4C856C7-70F6-4AD2-A40E-FE04C2997BB5}.Release|Any CPU.ActiveCfg = Release|Any CPU
		{F4C856C7-70F6-4AD2-A40E-FE04C2997BB5}.Release|Any CPU.Build.0 = Release|Any CPU
		{F4C856C7-70F6-4AD2-A40E-FE04C2997BB5}.Release|x86.ActiveCfg = Release|Any CPU
		{F4C856C7-70F6-4AD2-A40E-FE04C2997BB5}.Release|x86.Build.0 = Release|Any CPU
	EndGlobalSection
	GlobalSection(SolutionProperties) = preSolution
		HideSolutionNode = FALSE
	EndGlobalSection
	GlobalSection(ExtensibilityGlobals) = postSolution
		SolutionGuid = {26CCD6EF-92F5-464B-82CD-55BE1918DB95}
	EndGlobalSection
EndGlobal
